
Microsoft Visual Studio Solution File, Format Version 12.00
# Visual Studio Version 17
VisualStudioVersion = 17.1.32328.378
MinimumVisualStudioVersion = 10.0.40219.1
Project("{9A19103F-16F7-4668-BE54-9A1E7A4F7556}") = "IntBasis.Apps.DiscountedCash", "IntBasis.Apps.DiscountedCash.csproj", "{0B25FBA1-9CF5-41CA-87A9-22BB7CDD944F}"
EndProject
Global
	GlobalSection(SolutionConfigurationPlatforms) = preSolution
		Debug|Any CPU = Debug|Any CPU
		Release|Any CPU = Release|Any CPU
	EndGlobalSection
	GlobalSection(ProjectConfigurationPlatforms) = postSolution
		{0B25FBA1-9CF5-41CA-87A9-22BB7CDD944F}.Debug|Any CPU.ActiveCfg = Debug|Any CPU
		{0B25FBA1-9CF5-41CA-87A9-22BB7CDD944F}.Debug|Any CPU.Build.0 = Debug|Any CPU
		{0B25FBA1-9CF5-41CA-87A9-22BB7CDD944F}.Release|Any CPU.ActiveCfg = Release|Any CPU
		{0B25FBA1-9CF5-41CA-87A9-22BB7CDD944F}.Release|Any CPU.Build.0 = Release|Any CPU
	EndGlobalSection
	GlobalSection(SolutionProperties) = preSolution
		HideSolutionNode = FALSE
	EndGlobalSection
	GlobalSection(ExtensibilityGlobals) = postSolution
		SolutionGuid = {23A1AEE6-E519-48E7-A8D9-ED10E21AB67F}
	EndGlobalSection
EndGlobal
